// !$*UTF8*$!
{
	archiveVersion = 1;
	classes = {
	};
	objectVersion = 55;
	objects = {

/* Begin PBXBuildFile section */
		B8204F7A270532F500F254CB /* AppDelegate.swift in Sources */ = {isa = PBXBuildFile; fileRef = B8204F79270532F500F254CB /* AppDelegate.swift */; };
		B8204F7C270532F500F254CB /* SceneDelegate.swift in Sources */ = {isa = PBXBuildFile; fileRef = B8204F7B270532F500F254CB /* SceneDelegate.swift */; };
		B8204F7E270532F500F254CB /* ViewController.swift in Sources */ = {isa = PBXBuildFile; fileRef = B8204F7D270532F500F254CB /* ViewController.swift */; };
		B8204F81270532F500F254CB /* Main.storyboard in Resources */ = {isa = PBXBuildFile; fileRef = B8204F7F270532F500F254CB /* Main.storyboard */; };
		B8204F83270532F600F254CB /* Assets.xcassets in Resources */ = {isa = PBXBuildFile; fileRef = B8204F82270532F600F254CB /* Assets.xcassets */; };
		B8204F86270532F600F254CB /* LaunchScreen.storyboard in Resources */ = {isa = PBXBuildFile; fileRef = B8204F84270532F600F254CB /* LaunchScreen.storyboard */; };
		B8204F91270532F600F254CB /* StudentPracticeProjectTests.swift in Sources */ = {isa = PBXBuildFile; fileRef = B8204F90270532F600F254CB /* StudentPracticeProjectTests.swift */; };
		B8204F9B270532F600F254CB /* StudentPracticeProjectUITests.swift in Sources */ = {isa = PBXBuildFile; fileRef = B8204F9A270532F600F254CB /* StudentPracticeProjectUITests.swift */; };
		B8204F9D270532F600F254CB /* StudentPracticeProjectUITestsLaunchTests.swift in Sources */ = {isa = PBXBuildFile; fileRef = B8204F9C270532F600F254CB /* StudentPracticeProjectUITestsLaunchTests.swift */; };
/* End PBXBuildFile section */

/* Begin PBXContainerItemProxy section */
		B8204F8D270532F600F254CB /* PBXContainerItemProxy */ = {
			isa = PBXContainerItemProxy;
			containerPortal = B8204F6E270532F500F254CB /* Project object */;
			proxyType = 1;
			remoteGlobalIDString = B8204F75270532F500F254CB;
			remoteInfo = StudentPracticeProject;
		};
		B8204F97270532F600F254CB /* PBXContainerItemProxy */ = {
			isa = PBXContainerItemProxy;
			containerPortal = B8204F6E270532F500F254CB /* Project object */;
			proxyType = 1;
			remoteGlobalIDString = B8204F75270532F500F254CB;
			remoteInfo = StudentPracticeProject;
		};
/* End PBXContainerItemProxy section */

/* Begin PBXFileReference section */
		B8204F76270532F500F254CB /* StudentPracticeProject.app */ = {isa = PBXFileReference; explicitFileType = wrapper.application; includeInIndex = 0; path = StudentPracticeProject.app; sourceTree = BUILT_PRODUCTS_DIR; };
		B8204F79270532F500F254CB /* AppDelegate.swift */ = {isa = PBXFileReference; lastKnownFileType = sourcecode.swift; path = AppDelegate.swift; sourceTree = "<group>"; };
		B8204F7B270532F500F254CB /* SceneDelegate.swift */ = {isa = PBXFileReference; lastKnownFileType = sourcecode.swift; path = SceneDelegate.swift; sourceTree = "<group>"; };
		B8204F7D270532F500F254CB /* ViewController.swift */ = {isa = PBXFileReference; lastKnownFileType = sourcecode.swift; path = ViewController.swift; sourceTree = "<group>"; };
		B8204F80270532F500F254CB /* Base */ = {isa = PBXFileReference; lastKnownFileType = file.storyboard; name = Base; path = Base.lproj/Main.storyboard; sourceTree = "<group>"; };
		B8204F82270532F600F254CB /* Assets.xcassets */ = {isa = PBXFileReference; lastKnownFileType = folder.assetcatalog; path = Assets.xcassets; sourceTree = "<group>"; };
		B8204F85270532F600F254CB /* Base */ = {isa = PBXFileReference; lastKnownFileType = file.storyboard; name = Base; path = Base.lproj/LaunchScreen.storyboard; sourceTree = "<group>"; };
		B8204F87270532F600F254CB /* Info.plist */ = {isa = PBXFileReference; lastKnownFileType = text.plist.xml; path = Info.plist; sourceTree = "<group>"; };
		B8204F8C270532F600F254CB /* StudentPracticeProjectTests.xctest */ = {isa = PBXFileReference; explicitFileType = wrapper.cfbundle; includeInIndex = 0; path = StudentPracticeProjectTests.xctest; sourceTree = BUILT_PRODUCTS_DIR; };
		B8204F90270532F600F254CB /* StudentPracticeProjectTests.swift */ = {isa = PBXFileReference; lastKnownFileType = sourcecode.swift; path = StudentPracticeProjectTests.swift; sourceTree = "<group>"; };
		B8204F96270532F600F254CB /* StudentPracticeProjectUITests.xctest */ = {isa = PBXFileReference; explicitFileType = wrapper.cfbundle; includeInIndex = 0; path = StudentPracticeProjectUITests.xctest; sourceTree = BUILT_PRODUCTS_DIR; };
		B8204F9A270532F600F254CB /* StudentPracticeProjectUITests.swift */ = {isa = PBXFileReference; lastKnownFileType = sourcecode.swift; path = StudentPracticeProjectUITests.swift; sourceTree = "<group>"; };
		B8204F9C270532F600F254CB /* StudentPracticeProjectUITestsLaunchTests.swift */ = {isa = PBXFileReference; lastKnownFileType = sourcecode.swift; path = StudentPracticeProjectUITestsLaunchTests.swift; sourceTree = "<group>"; };
/* End PBXFileReference section */

/* Begin PBXFrameworksBuildPhase section */
		B8204F73270532F500F254CB /* Frameworks */ = {
			isa = PBXFrameworksBuildPhase;
			buildActionMask = 2147483647;
			files = (
			);
			runOnlyForDeploymentPostprocessing = 0;
		};
		B8204F89270532F600F254CB /* Frameworks */ = {
			isa = PBXFrameworksBuildPhase;
			buildActionMask = 2147483647;
			files = (
			);
			runOnlyForDeploymentPostprocessing = 0;
		};
		B8204F93270532F600F254CB /* Frameworks */ = {
			isa = PBXFrameworksBuildPhase;
			buildActionMask = 2147483647;
			files = (
			);
			runOnlyForDeploymentPostprocessing = 0;
		};
/* End PBXFrameworksBuildPhase section */

/* Begin PBXGroup section */
		B8204F6D270532F500F254CB = {
			isa = PBXGroup;
			children = (
				B8204F78270532F500F254CB /* StudentPracticeProject */,
				B8204F8F270532F600F254CB /* StudentPracticeProjectTests */,
				B8204F99270532F600F254CB /* StudentPracticeProjectUITests */,
				B8204F77270532F500F254CB /* Products */,
			);
			sourceTree = "<group>";
		};
		B8204F77270532F500F254CB /* Products */ = {
			isa = PBXGroup;
			children = (
				B8204F76270532F500F254CB /* StudentPracticeProject.app */,
				B8204F8C270532F600F254CB /* StudentPracticeProjectTests.xctest */,
				B8204F96270532F600F254CB /* StudentPracticeProjectUITests.xctest */,
			);
			name = Products;
			sourceTree = "<group>";
		};
		B8204F78270532F500F254CB /* StudentPracticeProject */ = {
			isa = PBXGroup;
			children = (
				B8204F79270532F500F254CB /* AppDelegate.swift */,
				B8204F7B270532F500F254CB /* SceneDelegate.swift */,
				B8204F7D270532F500F254CB /* ViewController.swift */,
				B8204F7F270532F500F254CB /* Main.storyboard */,
				B8204F82270532F600F254CB /* Assets.xcassets */,
				B8204F84270532F600F254CB /* LaunchScreen.storyboard */,
				B8204F87270532F600F254CB /* Info.plist */,
			);
			path = StudentPracticeProject;
			sourceTree = "<group>";
		};
		B8204F8F270532F600F254CB /* StudentPracticeProjectTests */ = {
			isa = PBXGroup;
			children = (
				B8204F90270532F600F254CB /* StudentPracticeProjectTests.swift */,
			);
			path = StudentPracticeProjectTests;
			sourceTree = "<group>";
		};
		B8204F99270532F600F254CB /* StudentPracticeProjectUITests */ = {
			isa = PBXGroup;
			children = (
				B8204F9A270532F600F254CB /* StudentPracticeProjectUITests.swift */,
				B8204F9C270532F600F254CB /* StudentPracticeProjectUITestsLaunchTests.swift */,
			);
			path = StudentPracticeProjectUITests;
			sourceTree = "<group>";
		};
/* End PBXGroup section */

/* Begin PBXNativeTarget section */
		B8204F75270532F500F254CB /* StudentPracticeProject */ = {
			isa = PBXNativeTarget;
			buildConfigurationList = B8204FA0270532F600F254CB /* Build configuration list for PBXNativeTarget "StudentPracticeProject" */;
			buildPhases = (
				B8204F72270532F500F254CB /* Sources */,
				B8204F73270532F500F254CB /* Frameworks */,
				B8204F74270532F500F254CB /* Resources */,
			);
			buildRules = (
			);
			dependencies = (
			);
			name = StudentPracticeProject;
			productName = StudentPracticeProject;
			productReference = B8204F76270532F500F254CB /* StudentPracticeProject.app */;
			productType = "com.apple.product-type.application";
		};
		B8204F8B270532F600F254CB /* StudentPracticeProjectTests */ = {
			isa = PBXNativeTarget;
			buildConfigurationList = B8204FA3270532F600F254CB /* Build configuration list for PBXNativeTarget "StudentPracticeProjectTests" */;
			buildPhases = (
				B8204F88270532F600F254CB /* Sources */,
				B8204F89270532F600F254CB /* Frameworks */,
				B8204F8A270532F600F254CB /* Resources */,
			);
			buildRules = (
			);
			dependencies = (
				B8204F8E270532F600F254CB /* PBXTargetDependency */,
			);
			name = StudentPracticeProjectTests;
			productName = StudentPracticeProjectTests;
			productReference = B8204F8C270532F600F254CB /* StudentPracticeProjectTests.xctest */;
			productType = "com.apple.product-type.bundle.unit-test";
		};
		B8204F95270532F600F254CB /* StudentPracticeProjectUITests */ = {
			isa = PBXNativeTarget;
			buildConfigurationList = B8204FA6270532F600F254CB /* Build configuration list for PBXNativeTarget "StudentPracticeProjectUITests" */;
			buildPhases = (
				B8204F92270532F600F254CB /* Sources */,
				B8204F93270532F600F254CB /* Frameworks */,
				B8204F94270532F600F254CB /* Resources */,
			);
			buildRules = (
			);
			dependencies = (
				B8204F98270532F600F254CB /* PBXTargetDependency */,
			);
			name = StudentPracticeProjectUITests;
			productName = StudentPracticeProjectUITests;
			productReference = B8204F96270532F600F254CB /* StudentPracticeProjectUITests.xctest */;
			productType = "com.apple.product-type.bundle.ui-testing";
		};
/* End PBXNativeTarget section */

/* Begin PBXProject section */
		B8204F6E270532F500F254CB /* Project object */ = {
			isa = PBXProject;
			attributes = {
				BuildIndependentTargetsInParallel = 1;
				LastSwiftUpdateCheck = 1300;
				LastUpgradeCheck = 1300;
				TargetAttributes = {
					B8204F75270532F500F254CB = {
						CreatedOnToolsVersion = 13.0;
					};
					B8204F8B270532F600F254CB = {
						CreatedOnToolsVersion = 13.0;
						TestTargetID = B8204F75270532F500F254CB;
					};
					B8204F95270532F600F254CB = {
						CreatedOnToolsVersion = 13.0;
						TestTargetID = B8204F75270532F500F254CB;
					};
				};
			};
			buildConfigurationList = B8204F71270532F500F254CB /* Build configuration list for PBXProject "StudentPracticeProject" */;
			compatibilityVersion = "Xcode 13.0";
			developmentRegion = en;
			hasScannedForEncodings = 0;
			knownRegions = (
				en,
				Base,
			);
			mainGroup = B8204F6D270532F500F254CB;
			productRefGroup = B8204F77270532F500F254CB /* Products */;
			projectDirPath = "";
			projectRoot = "";
			targets = (
				B8204F75270532F500F254CB /* StudentPracticeProject */,
				B8204F8B270532F600F254CB /* StudentPracticeProjectTests */,
				B8204F95270532F600F254CB /* StudentPracticeProjectUITests */,
			);
		};
/* End PBXProject section */

/* Begin PBXResourcesBuildPhase section */
		B8204F74270532F500F254CB /* Resources */ = {
			isa = PBXResourcesBuildPhase;
			buildActionMask = 2147483647;
			files = (
				B8204F86270532F600F254CB /* LaunchScreen.storyboard in Resources */,
				B8204F83270532F600F254CB /* Assets.xcassets in Resources */,
				B8204F81270532F500F254CB /* Main.storyboard in Resources */,
			);
			runOnlyForDeploymentPostprocessing = 0;
		};
		B8204F8A270532F600F254CB /* Resources */ = {
			isa = PBXResourcesBuildPhase;
			buildActionMask = 2147483647;
			files = (
			);
			runOnlyForDeploymentPostprocessing = 0;
		};
		B8204F94270532F600F254CB /* Resources */ = {
			isa = PBXResourcesBuildPhase;
			buildActionMask = 2147483647;
			files = (
			);
			runOnlyForDeploymentPostprocessing = 0;
		};
/* End PBXResourcesBuildPhase section */

/* Begin PBXSourcesBuildPhase section */
		B8204F72270532F500F254CB /* Sources */ = {
			isa = PBXSourcesBuildPhase;
			buildActionMask = 2147483647;
			files = (
				B8204F7E270532F500F254CB /* ViewController.swift in Sources */,
				B8204F7A270532F500F254CB /* AppDelegate.swift in Sources */,
				B8204F7C270532F500F254CB /* SceneDelegate.swift in Sources */,
			);
			runOnlyForDeploymentPostprocessing = 0;
		};
		B8204F88270532F600F254CB /* Sources */ = {
			isa = PBXSourcesBuildPhase;
			buildActionMask = 2147483647;
			files = (
				B8204F91270532F600F254CB /* StudentPracticeProjectTests.swift in Sources */,
			);
			runOnlyForDeploymentPostprocessing = 0;
		};
		B8204F92270532F600F254CB /* Sources */ = {
			isa = PBXSourcesBuildPhase;
			buildActionMask = 2147483647;
			files = (
				B8204F9B270532F600F254CB /* StudentPracticeProjectUITests.swift in Sources */,
				B8204F9D270532F600F254CB /* StudentPracticeProjectUITestsLaunchTests.swift in Sources */,
			);
			runOnlyForDeploymentPostprocessing = 0;
		};
/* End PBXSourcesBuildPhase section */

/* Begin PBXTargetDependency section */
		B8204F8E270532F600F254CB /* PBXTargetDependency */ = {
			isa = PBXTargetDependency;
			target = B8204F75270532F500F254CB /* StudentPracticeProject */;
			targetProxy = B8204F8D270532F600F254CB /* PBXContainerItemProxy */;
		};
		B8204F98270532F600F254CB /* PBXTargetDependency */ = {
			isa = PBXTargetDependency;
			target = B8204F75270532F500F254CB /* StudentPracticeProject */;
			targetProxy = B8204F97270532F600F254CB /* PBXContainerItemProxy */;
		};
/* End PBXTargetDependency section */

/* Begin PBXVariantGroup section */
		B8204F7F270532F500F254CB /* Main.storyboard */ = {
			isa = PBXVariantGroup;
			children = (
				B8204F80270532F500F254CB /* Base */,
			);
			name = Main.storyboard;
			sourceTree = "<group>";
		};
		B8204F84270532F600F254CB /* LaunchScreen.storyboard */ = {
			isa = PBXVariantGroup;
			children = (
				B8204F85270532F600F254CB /* Base */,
			);
			name = LaunchScreen.storyboard;
			sourceTree = "<group>";
		};
/* End PBXVariantGroup section */

/* Begin XCBuildConfiguration section */
		B8204F9E270532F600F254CB /* Debug */ = {
			isa = XCBuildConfiguration;
			buildSettings = {
				ALWAYS_SEARCH_USER_PATHS = NO;
				CLANG_ANALYZER_NONNULL = YES;
				CLANG_ANALYZER_NUMBER_OBJECT_CONVERSION = YES_AGGRESSIVE;
				CLANG_CXX_LANGUAGE_STANDARD = "gnu++17";
				CLANG_CXX_LIBRARY = "libc++";
				CLANG_ENABLE_MODULES = YES;
				CLANG_ENABLE_OBJC_ARC = YES;
				CLANG_ENABLE_OBJC_WEAK = YES;
				CLANG_WARN_BLOCK_CAPTURE_AUTORELEASING = YES;
				CLANG_WARN_BOOL_CONVERSION = YES;
				CLANG_WARN_COMMA = YES;
				CLANG_WARN_CONSTANT_CONVERSION = YES;
				CLANG_WARN_DEPRECATED_OBJC_IMPLEMENTATIONS = YES;
				CLANG_WARN_DIRECT_OBJC_ISA_USAGE = YES_ERROR;
				CLANG_WARN_DOCUMENTATION_COMMENTS = YES;
				CLANG_WARN_EMPTY_BODY = YES;
				CLANG_WARN_ENUM_CONVERSION = YES;
				CLANG_WARN_INFINITE_RECURSION = YES;
				CLANG_WARN_INT_CONVERSION = YES;
				CLANG_WARN_NON_LITERAL_NULL_CONVERSION = YES;
				CLANG_WARN_OBJC_IMPLICIT_RETAIN_SELF = YES;
				CLANG_WARN_OBJC_LITERAL_CONVERSION = YES;
				CLANG_WARN_OBJC_ROOT_CLASS = YES_ERROR;
				CLANG_WARN_QUOTED_INCLUDE_IN_FRAMEWORK_HEADER = YES;
				CLANG_WARN_RANGE_LOOP_ANALYSIS = YES;
				CLANG_WARN_STRICT_PROTOTYPES = YES;
				CLANG_WARN_SUSPICIOUS_MOVE = YES;
				CLANG_WARN_UNGUARDED_AVAILABILITY = YES_AGGRESSIVE;
				CLANG_WARN_UNREACHABLE_CODE = YES;
				CLANG_WARN__DUPLICATE_METHOD_MATCH = YES;
				COPY_PHASE_STRIP = NO;
				DEBUG_INFORMATION_FORMAT = dwarf;
				ENABLE_STRICT_OBJC_MSGSEND = YES;
				ENABLE_TESTABILITY = YES;
				GCC_C_LANGUAGE_STANDARD = gnu11;
				GCC_DYNAMIC_NO_PIC = NO;
				GCC_NO_COMMON_BLOCKS = YES;
				GCC_OPTIMIZATION_LEVEL = 0;
				GCC_PREPROCESSOR_DEFINITIONS = (
					"DEBUG=1",
					"$(inherited)",
				);
				GCC_WARN_64_TO_32_BIT_CONVERSION = YES;
				GCC_WARN_ABOUT_RETURN_TYPE = YES_ERROR;
				GCC_WARN_UNDECLARED_SELECTOR = YES;
				GCC_WARN_UNINITIALIZED_AUTOS = YES_AGGRESSIVE;
				GCC_WARN_UNUSED_FUNCTION = YES;
				GCC_WARN_UNUSED_VARIABLE = YES;
				IPHONEOS_DEPLOYMENT_TARGET = 15.0;
				MTL_ENABLE_DEBUG_INFO = INCLUDE_SOURCE;
				MTL_FAST_MATH = YES;
				ONLY_ACTIVE_ARCH = YES;
				SDKROOT = iphoneos;
				SWIFT_ACTIVE_COMPILATION_CONDITIONS = DEBUG;
				SWIFT_OPTIMIZATION_LEVEL = "-Onone";
			};
			name = Debug;
		};
		B8204F9F270532F600F254CB /* Release */ = {
			isa = XCBuildConfiguration;
			buildSettings = {
				ALWAYS_SEARCH_USER_PATHS = NO;
				CLANG_ANALYZER_NONNULL = YES;
				CLANG_ANALYZER_NUMBER_OBJECT_CONVERSION = YES_AGGRESSIVE;
				CLANG_CXX_LANGUAGE_STANDARD = "gnu++17";
				CLANG_CXX_LIBRARY = "libc++";
				CLANG_ENABLE_MODULES = YES;
				CLANG_ENABLE_OBJC_ARC = YES;
				CLANG_ENABLE_OBJC_WEAK = YES;
				CLANG_WARN_BLOCK_CAPTURE_AUTORELEASING = YES;
				CLANG_WARN_BOOL_CONVERSION = YES;
				CLANG_WARN_COMMA = YES;
				CLANG_WARN_CONSTANT_CONVERSION = YES;
				CLANG_WARN_DEPRECATED_OBJC_IMPLEMENTATIONS = YES;
				CLANG_WARN_DIRECT_OBJC_ISA_USAGE = YES_ERROR;
				CLANG_WARN_DOCUMENTATION_COMMENTS = YES;
				CLANG_WARN_EMPTY_BODY = YES;
				CLANG_WARN_ENUM_CONVERSION = YES;
				CLANG_WARN_INFINITE_RECURSION = YES;
				CLANG_WARN_INT_CONVERSION = YES;
				CLANG_WARN_NON_LITERAL_NULL_CONVERSION = YES;
				CLANG_WARN_OBJC_IMPLICIT_RETAIN_SELF = YES;
				CLANG_WARN_OBJC_LITERAL_CONVERSION = YES;
				CLANG_WARN_OBJC_ROOT_CLASS = YES_ERROR;
				CLANG_WARN_QUOTED_INCLUDE_IN_FRAMEWORK_HEADER = YES;
				CLANG_WARN_RANGE_LOOP_ANALYSIS = YES;
				CLANG_WARN_STRICT_PROTOTYPES = YES;
				CLANG_WARN_SUSPICIOUS_MOVE = YES;
				CLANG_WARN_UNGUARDED_AVAILABILITY = YES_AGGRESSIVE;
				CLANG_WARN_UNREACHABLE_CODE = YES;
				CLANG_WARN__DUPLICATE_METHOD_MATCH = YES;
				COPY_PHASE_STRIP = NO;
				DEBUG_INFORMATION_FORMAT = "dwarf-with-dsym";
				ENABLE_NS_ASSERTIONS = NO;
				ENABLE_STRICT_OBJC_MSGSEND = YES;
				GCC_C_LANGUAGE_STANDARD = gnu11;
				GCC_NO_COMMON_BLOCKS = YES;
				GCC_WARN_64_TO_32_BIT_CONVERSION = YES;
				GCC_WARN_ABOUT_RETURN_TYPE = YES_ERROR;
				GCC_WARN_UNDECLARED_SELECTOR = YES;
				GCC_WARN_UNINITIALIZED_AUTOS = YES_AGGRESSIVE;
				GCC_WARN_UNUSED_FUNCTION = YES;
				GCC_WARN_UNUSED_VARIABLE = YES;
				IPHONEOS_DEPLOYMENT_TARGET = 15.0;
				MTL_ENABLE_DEBUG_INFO = NO;
				MTL_FAST_MATH = YES;
				SDKROOT = iphoneos;
				SWIFT_COMPILATION_MODE = wholemodule;
				SWIFT_OPTIMIZATION_LEVEL = "-O";
				VALIDATE_PRODUCT = YES;
			};
			name = Release;
		};
		B8204FA1270532F600F254CB /* Debug */ = {
			isa = XCBuildConfiguration;
			buildSettings = {
				ASSETCATALOG_COMPILER_APPICON_NAME = AppIcon;
				ASSETCATALOG_COMPILER_GLOBAL_ACCENT_COLOR_NAME = AccentColor;
				CODE_SIGN_STYLE = Automatic;
				CURRENT_PROJECT_VERSION = 1;
				DEVELOPMENT_TEAM = NN4G65LXQ3;
				GENERATE_INFOPLIST_FILE = YES;
				INFOPLIST_FILE = StudentPracticeProject/Info.plist;
				INFOPLIST_KEY_UIApplicationSupportsIndirectInputEvents = YES;
				INFOPLIST_KEY_UILaunchStoryboardName = LaunchScreen;
				INFOPLIST_KEY_UIMainStoryboardFile = Main;
				INFOPLIST_KEY_UISupportedInterfaceOrientations_iPad = "UIInterfaceOrientationPortrait UIInterfaceOrientationPortraitUpsideDown UIInterfaceOrientationLandscapeLeft UIInterfaceOrientationLandscapeRight";
				INFOPLIST_KEY_UISupportedInterfaceOrientations_iPhone = "UIInterfaceOrientationPortrait UIInterfaceOrientationLandscapeLeft UIInterfaceOrientationLandscapeRight";
				LD_RUNPATH_SEARCH_PATHS = (
					"$(inherited)",
					"@executable_path/Frameworks",
				);
				MARKETING_VERSION = 1.0;
				PRODUCT_BUNDLE_IDENTIFIER = harshee.StudentPracticeProject;
				PRODUCT_NAME = "$(TARGET_NAME)";
				SWIFT_EMIT_LOC_STRINGS = YES;
				SWIFT_VERSION = 5.0;
				TARGETED_DEVICE_FAMILY = "1,2";
			};
			name = Debug;
		};
		B8204FA2270532F600F254CB /* Release */ = {
			isa = XCBuildConfiguration;
			buildSettings = {
				ASSETCATALOG_COMPILER_APPICON_NAME = AppIcon;
				ASSETCATALOG_COMPILER_GLOBAL_ACCENT_COLOR_NAME = AccentColor;
				CODE_SIGN_STYLE = Automatic;
				CURRENT_PROJECT_VERSION = 1;
				DEVELOPMENT_TEAM = NN4G65LXQ3;
				GENERATE_INFOPLIST_FILE = YES;
				INFOPLIST_FILE = StudentPracticeProject/Info.plist;
				INFOPLIST_KEY_UIApplicationSupportsIndirectInputEvents = YES;
				INFOPLIST_KEY_UILaunchStoryboardName = LaunchScreen;
				INFOPLIST_KEY_UIMainStoryboardFile = Main;
				INFOPLIST_KEY_UISupportedInterfaceOrientations_iPad = "UIInterfaceOrientationPortrait UIInterfaceOrientationPortraitUpsideDown UIInterfaceOrientationLandscapeLeft UIInterfaceOrientationLandscapeRight";
				INFOPLIST_KEY_UISupportedInterfaceOrientations_iPhone = "UIInterfaceOrientationPortrait UIInterfaceOrientationLandscapeLeft UIInterfaceOrientationLandscapeRight";
				LD_RUNPATH_SEARCH_PATHS = (
					"$(inherited)",
					"@executable_path/Frameworks",
				);
				MARKETING_VERSION = 1.0;
				PRODUCT_BUNDLE_IDENTIFIER = harshee.StudentPracticeProject;
				PRODUCT_NAME = "$(TARGET_NAME)";
				SWIFT_EMIT_LOC_STRINGS = YES;
				SWIFT_VERSION = 5.0;
				TARGETED_DEVICE_FAMILY = "1,2";
			};
			name = Release;
		};
		B8204FA4270532F600F254CB /* Debug */ = {
			isa = XCBuildConfiguration;
			buildSettings = {
				ALWAYS_EMBED_SWIFT_STANDARD_LIBRARIES = YES;
				BUNDLE_LOADER = "$(TEST_HOST)";
				CODE_SIGN_STYLE = Automatic;
				CURRENT_PROJECT_VERSION = 1;
				DEVELOPMENT_TEAM = NN4G65LXQ3;
				GENERATE_INFOPLIST_FILE = YES;
				IPHONEOS_DEPLOYMENT_TARGET = 15.0;
				LD_RUNPATH_SEARCH_PATHS = (
					"$(inherited)",
					"@executable_path/Frameworks",
					"@loader_path/Frameworks",
				);
				MARKETING_VERSION = 1.0;
				PRODUCT_BUNDLE_IDENTIFIER = harshee.StudentPracticeProjectTests;
				PRODUCT_NAME = "$(TARGET_NAME)";
				SWIFT_EMIT_LOC_STRINGS = NO;
				SWIFT_VERSION = 5.0;
				TARGETED_DEVICE_FAMILY = "1,2";
				TEST_HOST = "$(BUILT_PRODUCTS_DIR)/StudentPracticeProject.app/StudentPracticeProject";
			};
			name = Debug;
		};
		B8204FA5270532F600F254CB /* Release */ = {
			isa = XCBuildConfiguration;
			buildSettings = {
				ALWAYS_EMBED_SWIFT_STANDARD_LIBRARIES = YES;
				BUNDLE_LOADER = "$(TEST_HOST)";
				CODE_SIGN_STYLE = Automatic;
				CURRENT_PROJECT_VERSION = 1;
				DEVELOPMENT_TEAM = NN4G65LXQ3;
				GENERATE_INFOPLIST_FILE = YES;
				IPHONEOS_DEPLOYMENT_TARGET = 15.0;
				LD_RUNPATH_SEARCH_PATHS = (
					"$(inherited)",
					"@executable_path/Frameworks",
					"@loader_path/Frameworks",
				);
				MARKETING_VERSION = 1.0;
				PRODUCT_BUNDLE_IDENTIFIER = harshee.StudentPracticeProjectTests;
				PRODUCT_NAME = "$(TARGET_NAME)";
				SWIFT_EMIT_LOC_STRINGS = NO;
				SWIFT_VERSION = 5.0;
				TARGETED_DEVICE_FAMILY = "1,2";
				TEST_HOST = "$(BUILT_PRODUCTS_DIR)/StudentPracticeProject.app/StudentPracticeProject";
			};
			name = Release;
		};
		B8204FA7270532F600F254CB /* Debug */ = {
			isa = XCBuildConfiguration;
			buildSettings = {
				ALWAYS_EMBED_SWIFT_STANDARD_LIBRARIES = YES;
				CODE_SIGN_STYLE = Automatic;
				CURRENT_PROJECT_VERSION = 1;
				DEVELOPMENT_TEAM = NN4G65LXQ3;
				GENERATE_INFOPLIST_FILE = YES;
				LD_RUNPATH_SEARCH_PATHS = (
					"$(inherited)",
					"@executable_path/Frameworks",
					"@loader_path/Frameworks",
				);
				MARKETING_VERSION = 1.0;
				PRODUCT_BUNDLE_IDENTIFIER = harshee.StudentPracticeProjectUITests;
				PRODUCT_NAME = "$(TARGET_NAME)";
				SWIFT_EMIT_LOC_STRINGS = NO;
				SWIFT_VERSION = 5.0;
				TARGETED_DEVICE_FAMILY = "1,2";
				TEST_TARGET_NAME = StudentPracticeProject;
			};
			name = Debug;
		};
		B8204FA8270532F600F254CB /* Release */ = {
			isa = XCBuildConfiguration;
			buildSettings = {
				ALWAYS_EMBED_SWIFT_STANDARD_LIBRARIES = YES;
				CODE_SIGN_STYLE = Automatic;
				CURRENT_PROJECT_VERSION = 1;
				DEVELOPMENT_TEAM = NN4G65LXQ3;
				GENERATE_INFOPLIST_FILE = YES;
				LD_RUNPATH_SEARCH_PATHS = (
					"$(inherited)",
					"@executable_path/Frameworks",
					"@loader_path/Frameworks",
				);
				MARKETING_VERSION = 1.0;
				PRODUCT_BUNDLE_IDENTIFIER = harshee.StudentPracticeProjectUITests;
				PRODUCT_NAME = "$(TARGET_NAME)";
				SWIFT_EMIT_LOC_STRINGS = NO;
				SWIFT_VERSION = 5.0;
				TARGETED_DEVICE_FAMILY = "1,2";
				TEST_TARGET_NAME = StudentPracticeProject;
			};
			name = Release;
		};
/* End XCBuildConfiguration section */

/* Begin XCConfigurationList section */
		B8204F71270532F500F254CB /* Build configuration list for PBXProject "StudentPracticeProject" */ = {
			isa = XCConfigurationList;
			buildConfigurations = (
				B8204F9E270532F600F254CB /* Debug */,
				B8204F9F270532F600F254CB /* Release */,
			);
			defaultConfigurationIsVisible = 0;
			defaultConfigurationName = Release;
		};
		B8204FA0270532F600F254CB /* Build configuration list for PBXNativeTarget "StudentPracticeProject" */ = {
			isa = XCConfigurationList;
			buildConfigurations = (
				B8204FA1270532F600F254CB /* Debug */,
				B8204FA2270532F600F254CB /* Release */,
			);
			defaultConfigurationIsVisible = 0;
			defaultConfigurationName = Release;
		};
		B8204FA3270532F600F254CB /* Build configuration list for PBXNativeTarget "StudentPracticeProjectTests" */ = {
			isa = XCConfigurationList;
			buildConfigurations = (
				B8204FA4270532F600F254CB /* Debug */,
				B8204FA5270532F600F254CB /* Release */,
			);
			defaultConfigurationIsVisible = 0;
			defaultConfigurationName = Release;
		};
		B8204FA6270532F600F254CB /* Build configuration list for PBXNativeTarget "StudentPracticeProjectUITests" */ = {
			isa = XCConfigurationList;
			buildConfigurations = (
				B8204FA7270532F600F254CB /* Debug */,
				B8204FA8270532F600F254CB /* Release */,
			);
			defaultConfigurationIsVisible = 0;
			defaultConfigurationName = Release;
		};
/* End XCConfigurationList section */
	};
	rootObject = B8204F6E270532F500F254CB /* Project object */;
}
